
Microsoft Visual Studio Solution File, Format Version 12.00
# Visual Studio Version 17
VisualStudioVersion = 17.9.34728.123
MinimumVisualStudioVersion = 10.0.40219.1
Project("{FAE04EC0-301F-11D3-BF4B-00C04F79EFBC}") = "SistemaInventario", "SistemaInventario\SistemaInventario.csproj", "{38A7D3B3-8BA3-4C62-90FE-3BF6186EE185}"
EndProject
Project("{FAE04EC0-301F-11D3-BF4B-00C04F79EFBC}") = "SistemaInventario.Utilidades", "SistemaInventario.Utilidades\SistemaInventario.Utilidades.csproj", "{5C70F263-0C26-4400-9880-CB1D64DCDCC6}"
EndProject
Project("{FAE04EC0-301F-11D3-BF4B-00C04F79EFBC}") = "SistemaInventario.AccesoDatos", "SistemaInventario.AccesoDatos\SistemaInventario.AccesoDatos.csproj", "{810B5F98-7FCF-40ED-A977-0C390F1DB095}"
EndProject
Project("{FAE04EC0-301F-11D3-BF4B-00C04F79EFBC}") = "SistemaInventario.Modelos", "SistemaInventario.Modelos\SistemaInventario.Modelos.csproj", "{4C25BA16-5F82-4D47-8EC0-03BA4733CD25}"
EndProject
Global
	GlobalSection(SolutionConfigurationPlatforms) = preSolution
		Debug|Any CPU = Debug|Any CPU
		Release|Any CPU = Release|Any CPU
	EndGlobalSection
	GlobalSection(ProjectConfigurationPlatforms) = postSolution
		{38A7D3B3-8BA3-4C62-90FE-3BF6186EE185}.Debug|Any CPU.ActiveCfg = Debug|Any CPU
		{38A7D3B3-8BA3-4C62-90FE-3BF6186EE185}.Debug|Any CPU.Build.0 = Debug|Any CPU
		{38A7D3B3-8BA3-4C62-90FE-3BF6186EE185}.Release|Any CPU.ActiveCfg = Release|Any CPU
		{38A7D3B3-8BA3-4C62-90FE-3BF6186EE185}.Release|Any CPU.Build.0 = Release|Any CPU
		{5C70F263-0C26-4400-9880-CB1D64DCDCC6}.Debug|Any CPU.ActiveCfg = Debug|Any CPU
		{5C70F263-0C26-4400-9880-CB1D64DCDCC6}.Debug|Any CPU.Build.0 = Debug|Any CPU
		{5C70F263-0C26-4400-9880-CB1D64DCDCC6}.Release|Any CPU.ActiveCfg = Release|Any CPU
		{5C70F263-0C26-4400-9880-CB1D64DCDCC6}.Release|Any CPU.Build.0 = Release|Any CPU
		{810B5F98-7FCF-40ED-A977-0C390F1DB095}.Debug|Any CPU.ActiveCfg = Debug|Any CPU
		{810B5F98-7FCF-40ED-A977-0C390F1DB095}.Debug|Any CPU.Build.0 = Debug|Any CPU
		{810B5F98-7FCF-40ED-A977-0C390F1DB095}.Release|Any CPU.ActiveCfg = Release|Any CPU
		{810B5F98-7FCF-40ED-A977-0C390F1DB095}.Release|Any CPU.Build.0 = Release|Any CPU
		{4C25BA16-5F82-4D47-8EC0-03BA4733CD25}.Debug|Any CPU.ActiveCfg = Debug|Any CPU
		{4C25BA16-5F82-4D47-8EC0-03BA4733CD25}.Debug|Any CPU.Build.0 = Debug|Any CPU
		{4C25BA16-5F82-4D47-8EC0-03BA4733CD25}.Release|Any CPU.ActiveCfg = Release|Any CPU
		{4C25BA16-5F82-4D47-8EC0-03BA4733CD25}.Release|Any CPU.Build.0 = Release|Any CPU
	EndGlobalSection
	GlobalSection(SolutionProperties) = preSolution
		HideSolutionNode = FALSE
	EndGlobalSection
	GlobalSection(ExtensibilityGlobals) = postSolution
		SolutionGuid = {CBB7BFE0-4607-4938-9672-54A89166D124}
	EndGlobalSection
EndGlobal
